
Microsoft Visual Studio Solution File, Format Version 12.00
# Visual Studio Version 17
VisualStudioVersion = 17.0.31903.59
MinimumVisualStudioVersion = 10.0.40219.1
Project("{2150E333-8FDC-42A3-9474-1A3956D46DE8}") = "src", "src", "{826B3FCD-7A3C-4EE2-9916-FB4342B30ADE}"
EndProject
Project("{2150E333-8FDC-42A3-9474-1A3956D46DE8}") = "Shared", "Shared", "{1731E678-B1CF-4E88-B637-E90F453B651F}"
EndProject
Project("{FAE04EC0-301F-11D3-BF4B-00C04F79EFBC}") = "MyEcomm.Contracts", "src\Shared\MyEcomm.Contracts\MyEcomm.Contracts.csproj", "{93789DC2-15C4-4FD1-8DF6-B81154C49512}"
EndProject
Project("{2150E333-8FDC-42A3-9474-1A3956D46DE8}") = "Services", "Services", "{06001B43-373A-471B-89EE-FCEF719DCCFC}"
EndProject
Project("{2150E333-8FDC-42A3-9474-1A3956D46DE8}") = "Catalog", "Catalog", "{41CA8776-9D46-46F4-8FB8-B4FDEB660D60}"
EndProject
Project("{FAE04EC0-301F-11D3-BF4B-00C04F79EFBC}") = "MyEcomm.Catalog.Api", "src\Services\Catalog\MyEcomm.Catalog.Api\MyEcomm.Catalog.Api.csproj", "{BE17633D-B2AC-4A4B-8960-5055E034ACDF}"
EndProject
Project("{2150E333-8FDC-42A3-9474-1A3956D46DE8}") = "Cart", "Cart", "{EB3B25D9-B1AA-4342-BFA2-34FFD76A6BEB}"
EndProject
Project("{FAE04EC0-301F-11D3-BF4B-00C04F79EFBC}") = "MyEcomm.Cart.Api", "src\Services\Cart\MyEcomm.Cart.Api\MyEcomm.Cart.Api.csproj", "{2ADE3834-F859-4947-98D3-3DD47745E969}"
EndProject
Project("{2150E333-8FDC-42A3-9474-1A3956D46DE8}") = "Identity", "Identity", "{B97B4F88-341C-4B36-86AB-4EB0A8C82C18}"
EndProject
Project("{FAE04EC0-301F-11D3-BF4B-00C04F79EFBC}") = "MyEcomm.Identity.Api", "src\Services\Identity\MyEcomm.Identity.Api\MyEcomm.Identity.Api.csproj", "{088B96C1-3D9A-440B-9B80-C3FF2AEF8E75}"
EndProject
Project("{2150E333-8FDC-42A3-9474-1A3956D46DE8}") = "Order", "Order", "{C825031D-7612-459C-A5B6-645BD692E99C}"
EndProject
Project("{FAE04EC0-301F-11D3-BF4B-00C04F79EFBC}") = "MyEcomm.Order.Api", "src\Services\Order\MyEcomm.Order.Api\MyEcomm.Order.Api.csproj", "{1FC3A93A-7A40-475D-976F-AFA4A1BCCEFA}"
EndProject
Project("{2150E333-8FDC-42A3-9474-1A3956D46DE8}") = "Gateway", "Gateway", "{271277E0-5F3F-4741-AC30-D79C79B3077E}"
EndProject
Project("{FAE04EC0-301F-11D3-BF4B-00C04F79EFBC}") = "MyEcomm.Gateway", "src\Gateway\MyEcomm.Gateway\MyEcomm.Gateway.csproj", "{A557E823-242D-414E-957F-C632FB2337C1}"
EndProject
Project("{2150E333-8FDC-42A3-9474-1A3956D46DE8}") = "Tests", "Tests", "{8984440A-DC20-4295-8668-99D9AF07AB85}"
EndProject
Project("{FAE04EC0-301F-11D3-BF4B-00C04F79EFBC}") = "MyEcomm.Backend.Tests", "src\Tests\MyEcomm.Backend.Tests\MyEcomm.Backend.Tests.csproj", "{625A1EDE-4B08-4266-B12A-39A5DC455B1E}"
EndProject
Global
	GlobalSection(SolutionConfigurationPlatforms) = preSolution
		Debug|Any CPU = Debug|Any CPU
		Release|Any CPU = Release|Any CPU
	EndGlobalSection
	GlobalSection(SolutionProperties) = preSolution
		HideSolutionNode = FALSE
	EndGlobalSection
	GlobalSection(ProjectConfigurationPlatforms) = postSolution
		{93789DC2-15C4-4FD1-8DF6-B81154C49512}.Debug|Any CPU.ActiveCfg = Debug|Any CPU
		{93789DC2-15C4-4FD1-8DF6-B81154C49512}.Debug|Any CPU.Build.0 = Debug|Any CPU
		{93789DC2-15C4-4FD1-8DF6-B81154C49512}.Release|Any CPU.ActiveCfg = Release|Any CPU
		{93789DC2-15C4-4FD1-8DF6-B81154C49512}.Release|Any CPU.Build.0 = Release|Any CPU
		{BE17633D-B2AC-4A4B-8960-5055E034ACDF}.Debug|Any CPU.ActiveCfg = Debug|Any CPU
		{BE17633D-B2AC-4A4B-8960-5055E034ACDF}.Debug|Any CPU.Build.0 = Debug|Any CPU
		{BE17633D-B2AC-4A4B-8960-5055E034ACDF}.Release|Any CPU.ActiveCfg = Release|Any CPU
		{BE17633D-B2AC-4A4B-8960-5055E034ACDF}.Release|Any CPU.Build.0 = Release|Any CPU
		{2ADE3834-F859-4947-98D3-3DD47745E969}.Debug|Any CPU.ActiveCfg = Debug|Any CPU
		{2ADE3834-F859-4947-98D3-3DD47745E969}.Debug|Any CPU.Build.0 = Debug|Any CPU
		{2ADE3834-F859-4947-98D3-3DD47745E969}.Release|Any CPU.ActiveCfg = Release|Any CPU
		{2ADE3834-F859-4947-98D3-3DD47745E969}.Release|Any CPU.Build.0 = Release|Any CPU
		{088B96C1-3D9A-440B-9B80-C3FF2AEF8E75}.Debug|Any CPU.ActiveCfg = Debug|Any CPU
		{088B96C1-3D9A-440B-9B80-C3FF2AEF8E75}.Debug|Any CPU.Build.0 = Debug|Any CPU
		{088B96C1-3D9A-440B-9B80-C3FF2AEF8E75}.Release|Any CPU.ActiveCfg = Release|Any CPU
		{088B96C1-3D9A-440B-9B80-C3FF2AEF8E75}.Release|Any CPU.Build.0 = Release|Any CPU
		{1FC3A93A-7A40-475D-976F-AFA4A1BCCEFA}.Debug|Any CPU.ActiveCfg = Debug|Any CPU
		{1FC3A93A-7A40-475D-976F-AFA4A1BCCEFA}.Debug|Any CPU.Build.0 = Debug|Any CPU
		{1FC3A93A-7A40-475D-976F-AFA4A1BCCEFA}.Release|Any CPU.ActiveCfg = Release|Any CPU
		{1FC3A93A-7A40-475D-976F-AFA4A1BCCEFA}.Release|Any CPU.Build.0 = Release|Any CPU
		{A557E823-242D-414E-957F-C632FB2337C1}.Debug|Any CPU.ActiveCfg = Debug|Any CPU
		{A557E823-242D-414E-957F-C632FB2337C1}.Debug|Any CPU.Build.0 = Debug|Any CPU
		{A557E823-242D-414E-957F-C632FB2337C1}.Release|Any CPU.ActiveCfg = Release|Any CPU
		{A557E823-242D-414E-957F-C632FB2337C1}.Release|Any CPU.Build.0 = Release|Any CPU
		{625A1EDE-4B08-4266-B12A-39A5DC455B1E}.Debug|Any CPU.ActiveCfg = Debug|Any CPU
		{625A1EDE-4B08-4266-B12A-39A5DC455B1E}.Debug|Any CPU.Build.0 = Debug|Any CPU
		{625A1EDE-4B08-4266-B12A-39A5DC455B1E}.Release|Any CPU.ActiveCfg = Release|Any CPU
		{625A1EDE-4B08-4266-B12A-39A5DC455B1E}.Release|Any CPU.Build.0 = Release|Any CPU
	EndGlobalSection
	GlobalSection(NestedProjects) = preSolution
		{1731E678-B1CF-4E88-B637-E90F453B651F} = {826B3FCD-7A3C-4EE2-9916-FB4342B30ADE}
		{93789DC2-15C4-4FD1-8DF6-B81154C49512} = {1731E678-B1CF-4E88-B637-E90F453B651F}
		{06001B43-373A-471B-89EE-FCEF719DCCFC} = {826B3FCD-7A3C-4EE2-9916-FB4342B30ADE}
		{41CA8776-9D46-46F4-8FB8-B4FDEB660D60} = {06001B43-373A-471B-89EE-FCEF719DCCFC}
		{BE17633D-B2AC-4A4B-8960-5055E034ACDF} = {41CA8776-9D46-46F4-8FB8-B4FDEB660D60}
		{EB3B25D9-B1AA-4342-BFA2-34FFD76A6BEB} = {06001B43-373A-471B-89EE-FCEF719DCCFC}
		{2ADE3834-F859-4947-98D3-3DD47745E969} = {EB3B25D9-B1AA-4342-BFA2-34FFD76A6BEB}
		{B97B4F88-341C-4B36-86AB-4EB0A8C82C18} = {06001B43-373A-471B-89EE-FCEF719DCCFC}
		{088B96C1-3D9A-440B-9B80-C3FF2AEF8E75} = {B97B4F88-341C-4B36-86AB-4EB0A8C82C18}
		{C825031D-7612-459C-A5B6-645BD692E99C} = {06001B43-373A-471B-89EE-FCEF719DCCFC}
		{1FC3A93A-7A40-475D-976F-AFA4A1BCCEFA} = {C825031D-7612-459C-A5B6-645BD692E99C}
		{271277E0-5F3F-4741-AC30-D79C79B3077E} = {826B3FCD-7A3C-4EE2-9916-FB4342B30ADE}
		{A557E823-242D-414E-957F-C632FB2337C1} = {271277E0-5F3F-4741-AC30-D79C79B3077E}
		{8984440A-DC20-4295-8668-99D9AF07AB85} = {826B3FCD-7A3C-4EE2-9916-FB4342B30ADE}
		{625A1EDE-4B08-4266-B12A-39A5DC455B1E} = {8984440A-DC20-4295-8668-99D9AF07AB85}
	EndGlobalSection
EndGlobal
